{
	"name": "strict-cookie-parser",
	"version": "3.1.0",
	"lockfileVersion": 1,
	"requires": true,
	"dependencies": {
		"@charmander/eslint-config-base": {
			"version": "1.1.0",
			"resolved": "https://registry.npmjs.org/@charmander/eslint-config-base/-/eslint-config-base-1.1.0.tgz",
			"integrity": "sha512-eLORux1C1o/bR+ryUhPgJSJbKb4/koF69azHUWef/S0Z/RwIxJWgixsXek/zev9pN+FFXFRWX5JdfAxlkw68pg==",
			"dev": true
		},
		"@charmander/test": {
			"version": "0.2.0",
			"resolved": "https://registry.npmjs.org/@charmander/test/-/test-0.2.0.tgz",
			"integrity": "sha512-qwl7drDJImAAu46EoLGV5PPd64cpwBeFBjUArSLRbukwqeDZog+JghCtDkQ5Zbgmyf/nUTybw7LQx4hCwsah3Q==",
			"dev": true
		}
	}
}
