{
	"name": "strict-cookie-parser",
	"version": "3.2.0",
	"lockfileVersion": 2,
	"requires": true,
	"packages": {
		"": {
			"version": "3.2.0",
			"license": "ISC",
			"devDependencies": {
				"@charmander/eslint-config-base": "1.1.0"
			},
			"engines": {
				"node": ">=12.7.0"
			}
		},
		"node_modules/@charmander/eslint-config-base": {
			"version": "1.1.0",
			"resolved": "https://registry.npmjs.org/@charmander/eslint-config-base/-/eslint-config-base-1.1.0.tgz",
			"integrity": "sha512-eLORux1C1o/bR+ryUhPgJSJbKb4/koF69azHUWef/S0Z/RwIxJWgixsXek/zev9pN+FFXFRWX5JdfAxlkw68pg==",
			"dev": true
		}
	},
	"dependencies": {
		"@charmander/eslint-config-base": {
			"version": "1.1.0",
			"resolved": "https://registry.npmjs.org/@charmander/eslint-config-base/-/eslint-config-base-1.1.0.tgz",
			"integrity": "sha512-eLORux1C1o/bR+ryUhPgJSJbKb4/koF69azHUWef/S0Z/RwIxJWgixsXek/zev9pN+FFXFRWX5JdfAxlkw68pg==",
			"dev": true
		}
	}
}
